
Microsoft Visual Studio Solution File, Format Version 12.00
# Visual Studio Version 16
VisualStudioVersion = 16.0.29709.97
MinimumVisualStudioVersion = 10.0.40219.1
Project("{2150E333-8FDC-42A3-9474-1A3956D46DE8}") = "Core", "Core", "{A2265345-2408-49D4-AC62-87E8353CF916}"
EndProject
Project("{2150E333-8FDC-42A3-9474-1A3956D46DE8}") = "Presentation", "Presentation", "{68D3273A-367A-4B4E-BFCC-20BF654CC4B2}"
EndProject
Project("{FAE04EC0-301F-11D3-BF4B-00C04F79EFBC}") = "DataBase", "DataBase\DataBase.csproj", "{69463943-D9F5-4496-A005-5654AE0AD381}"
EndProject
Project("{FAE04EC0-301F-11D3-BF4B-00C04F79EFBC}") = "ApplicationSeriveces", "ApplicationSeriveces\ApplicationSeriveces.csproj", "{A87E5EF8-D56D-428C-B23A-3CB338190816}"
EndProject
Project("{FAE04EC0-301F-11D3-BF4B-00C04F79EFBC}") = "Repository", "Repository\Repository.csproj", "{F2F4DC67-7679-4589-89C6-3FE1B652C502}"
EndProject
Project("{FAE04EC0-301F-11D3-BF4B-00C04F79EFBC}") = "MVC", "MVC\MVC.csproj", "{3660F8F6-14F0-424C-A2CB-311DFA954C97}"
	ProjectSection(ProjectDependencies) = postProject
		{B478FBD5-97CC-43E6-B9E1-46F9BE54ADFD} = {B478FBD5-97CC-43E6-B9E1-46F9BE54ADFD}
	EndProjectSection
EndProject
Project("{FAE04EC0-301F-11D3-BF4B-00C04F79EFBC}") = "WcfService1", "WcfService1\WcfService1.csproj", "{B478FBD5-97CC-43E6-B9E1-46F9BE54ADFD}"
EndProject
Global
	GlobalSection(SolutionConfigurationPlatforms) = preSolution
		Debug|Any CPU = Debug|Any CPU
		Release|Any CPU = Release|Any CPU
	EndGlobalSection
	GlobalSection(ProjectConfigurationPlatforms) = postSolution
		{69463943-D9F5-4496-A005-5654AE0AD381}.Debug|Any CPU.ActiveCfg = Debug|Any CPU
		{69463943-D9F5-4496-A005-5654AE0AD381}.Debug|Any CPU.Build.0 = Debug|Any CPU
		{69463943-D9F5-4496-A005-5654AE0AD381}.Release|Any CPU.ActiveCfg = Release|Any CPU
		{69463943-D9F5-4496-A005-5654AE0AD381}.Release|Any CPU.Build.0 = Release|Any CPU
		{A87E5EF8-D56D-428C-B23A-3CB338190816}.Debug|Any CPU.ActiveCfg = Debug|Any CPU
		{A87E5EF8-D56D-428C-B23A-3CB338190816}.Debug|Any CPU.Build.0 = Debug|Any CPU
		{A87E5EF8-D56D-428C-B23A-3CB338190816}.Release|Any CPU.ActiveCfg = Release|Any CPU
		{A87E5EF8-D56D-428C-B23A-3CB338190816}.Release|Any CPU.Build.0 = Release|Any CPU
		{F2F4DC67-7679-4589-89C6-3FE1B652C502}.Debug|Any CPU.ActiveCfg = Debug|Any CPU
		{F2F4DC67-7679-4589-89C6-3FE1B652C502}.Debug|Any CPU.Build.0 = Debug|Any CPU
		{F2F4DC67-7679-4589-89C6-3FE1B652C502}.Release|Any CPU.ActiveCfg = Release|Any CPU
		{F2F4DC67-7679-4589-89C6-3FE1B652C502}.Release|Any CPU.Build.0 = Release|Any CPU
		{3660F8F6-14F0-424C-A2CB-311DFA954C97}.Debug|Any CPU.ActiveCfg = Debug|Any CPU
		{3660F8F6-14F0-424C-A2CB-311DFA954C97}.Debug|Any CPU.Build.0 = Debug|Any CPU
		{3660F8F6-14F0-424C-A2CB-311DFA954C97}.Release|Any CPU.ActiveCfg = Release|Any CPU
		{3660F8F6-14F0-424C-A2CB-311DFA954C97}.Release|Any CPU.Build.0 = Release|Any CPU
		{B478FBD5-97CC-43E6-B9E1-46F9BE54ADFD}.Debug|Any CPU.ActiveCfg = Debug|Any CPU
		{B478FBD5-97CC-43E6-B9E1-46F9BE54ADFD}.Debug|Any CPU.Build.0 = Debug|Any CPU
		{B478FBD5-97CC-43E6-B9E1-46F9BE54ADFD}.Release|Any CPU.ActiveCfg = Release|Any CPU
		{B478FBD5-97CC-43E6-B9E1-46F9BE54ADFD}.Release|Any CPU.Build.0 = Release|Any CPU
	EndGlobalSection
	GlobalSection(SolutionProperties) = preSolution
		HideSolutionNode = FALSE
	EndGlobalSection
	GlobalSection(NestedProjects) = preSolution
		{69463943-D9F5-4496-A005-5654AE0AD381} = {A2265345-2408-49D4-AC62-87E8353CF916}
		{A87E5EF8-D56D-428C-B23A-3CB338190816} = {A2265345-2408-49D4-AC62-87E8353CF916}
		{F2F4DC67-7679-4589-89C6-3FE1B652C502} = {A2265345-2408-49D4-AC62-87E8353CF916}
		{3660F8F6-14F0-424C-A2CB-311DFA954C97} = {68D3273A-367A-4B4E-BFCC-20BF654CC4B2}
		{B478FBD5-97CC-43E6-B9E1-46F9BE54ADFD} = {68D3273A-367A-4B4E-BFCC-20BF654CC4B2}
	EndGlobalSection
	GlobalSection(ExtensibilityGlobals) = postSolution
		SolutionGuid = {C454761F-7E09-4D0C-8A3F-E3412A44D317}
	EndGlobalSection
EndGlobal
